github.com/go-chi/chi/v5 v5.1.0 h1:acVI1TYaD+hhedDJ3r54HyA6sExp3HfXq7QWEEY/xMw=
github.com/go-chi/chi/v5 v5.1.0/go.mod h1:DslCQbL2OYiznFReuXYUmQ2hGd1aDpCnlMNITLSKoi8=
github.com/go-chi/cors v1.2.1 h1:xEC8UT3Rlp2QuWNEr4Fs/c2EAGVKBwy/1vHx3bppil4=
github.com/go-chi/cors v1.2.1/go.mod h1:sSbTewc+6wYHBBCW7ytsFSn836hqM7JxpglAy2Vzc58=
github.com/jackc/pgpassfile v1.0.0 h1:WTa7s88D3x9h+y8OfdgDssUFDGCQEcwJh18PZWnIzno=
github.com/jackc/pgpassfile v1.0.0/go.mod h1:aQuAjJSwUahJBFNoEM1jX26SWvaET4kXGmfSqowCLGU=
github.com/jackc/pgservicefile v0.0.0-20240606120523-5a60cdf6a761 h1:LSTBd1svPGMPDXmov9wtbmITVt5G7pADJErQMp9uKEQ=
github.com/jackc/pgservicefile v0.0.0-20240606120523-5a60cdf6a761/go.mod h1:sPcRiy51NhZvWjxLLT8kfuOz8gtO0dWM6xz/JIq8EJQ=
github.com/jackc/pgx/v5 v5.7.1 h1:x7SYsPBYDkHDksogeSmZZ5xzThcTgRz++I5E+ePFUcs=
github.com/jackc/pgx/v5 v5.7.1/go.mod h1:e7O26IywZZ+naJtWWos6i6fvWK+29etgITqrqHLfoZA=
github.com/jackc/puddle/v2 v2.2.2 h1:6n/CmwPLZrxOHhEWd9sniQ4P78SpSzK3LdWnxQEsNwk=
github.com/jackc/puddle/v2 v2.2.2/go.mod h1:7iIIHrqAsokSRIKIN721Agl6vvSQewM68KeTUn5hOK8=
github.com/stretchr/testify v1.8.1 h1:IuMJ8X2/tS6PqSXcD1zoq46XISldkaFAmac85IrzXDc=
github.com/stretchr/testify v1.8.1/go.mod h1:hquxVQj9yWXVuxgrnTHy4wHWF3amTklt3nxN2dWdlCw=
golang.org/x/crypto v0.28.0 h1:GBDwsMXVQi34v5CCYUm2jkJvu4cbtru2U4TN2PSyQnw=
golang.org/x/crypto v0.28.0/go.mod h1:rmgy+3RHxRZMyY0jjAJShp2zgEdOqj2AO7U0pYmeQ7U=
golang.org/x/text v0.19.0 h1:7bUFsh7X1DUcbXnFJJYnuwmsbJRP0e0u7+Al0/2RaH4=
golang.org/x/text v0.19.0/go.mod h1:w+Nnd4WdNPTFTNaugKboPwI4A82apEwDtpoHhnTi0jE=
